// !$*UTF8*$!
{
	archiveVersion = 1;
	classes = {
	};
	objectVersion = 46;
	objects = {

/* Begin PBXBuildFile section */
		ADCA90BA1B4AED770062E589 /* AppDelegate.swift in Sources */ = {isa = PBXBuildFile; fileRef = ADCA90B91B4AED770062E589 /* AppDelegate.swift */; };
		ADCA90BD1B4AED770062E589 /* LazerQuizz.xcdatamodeld in Sources */ = {isa = PBXBuildFile; fileRef = ADCA90BB1B4AED770062E589 /* LazerQuizz.xcdatamodeld */; };
		ADCA90BF1B4AED770062E589 /* ViewController.swift in Sources */ = {isa = PBXBuildFile; fileRef = ADCA90BE1B4AED770062E589 /* ViewController.swift */; };
		ADCA90C21B4AED770062E589 /* Main.storyboard in Resources */ = {isa = PBXBuildFile; fileRef = ADCA90C01B4AED770062E589 /* Main.storyboard */; };
		ADCA90C41B4AED770062E589 /* Images.xcassets in Resources */ = {isa = PBXBuildFile; fileRef = ADCA90C31B4AED770062E589 /* Images.xcassets */; };
		ADCA90C71B4AED770062E589 /* LaunchScreen.xib in Resources */ = {isa = PBXBuildFile; fileRef = ADCA90C51B4AED770062E589 /* LaunchScreen.xib */; };
		ADCA90D31B4AED770062E589 /* LazerQuizzTests.swift in Sources */ = {isa = PBXBuildFile; fileRef = ADCA90D21B4AED770062E589 /* LazerQuizzTests.swift */; };
/* End PBXBuildFile section */

/* Begin PBXContainerItemProxy section */
		ADCA90CD1B4AED770062E589 /* PBXContainerItemProxy */ = {
			isa = PBXContainerItemProxy;
			containerPortal = ADCA90AC1B4AED770062E589 /* Project object */;
			proxyType = 1;
			remoteGlobalIDString = ADCA90B31B4AED770062E589;
			remoteInfo = LazerQuizz;
		};
/* End PBXContainerItemProxy section */

/* Begin PBXFileReference section */
		ADCA90B41B4AED770062E589 /* LazerQuizz.app */ = {isa = PBXFileReference; explicitFileType = wrapper.application; includeInIndex = 0; path = LazerQuizz.app; sourceTree = BUILT_PRODUCTS_DIR; };
		ADCA90B81B4AED770062E589 /* Info.plist */ = {isa = PBXFileReference; lastKnownFileType = text.plist.xml; path = Info.plist; sourceTree = "<group>"; };
		ADCA90B91B4AED770062E589 /* AppDelegate.swift */ = {isa = PBXFileReference; lastKnownFileType = sourcecode.swift; path = AppDelegate.swift; sourceTree = "<group>"; };
		ADCA90BC1B4AED770062E589 /* LazerQuizz.xcdatamodel */ = {isa = PBXFileReference; lastKnownFileType = wrapper.xcdatamodel; path = LazerQuizz.xcdatamodel; sourceTree = "<group>"; };
		ADCA90BE1B4AED770062E589 /* ViewController.swift */ = {isa = PBXFileReference; lastKnownFileType = sourcecode.swift; path = ViewController.swift; sourceTree = "<group>"; };
		ADCA90C11B4AED770062E589 /* Base */ = {isa = PBXFileReference; lastKnownFileType = file.storyboard; name = Base; path = Base.lproj/Main.storyboard; sourceTree = "<group>"; };
		ADCA90C31B4AED770062E589 /* Images.xcassets */ = {isa = PBXFileReference; lastKnownFileType = folder.assetcatalog; path = Images.xcassets; sourceTree = "<group>"; };
		ADCA90C61B4AED770062E589 /* Base */ = {isa = PBXFileReference; lastKnownFileType = file.xib; name = Base; path = Base.lproj/LaunchScreen.xib; sourceTree = "<group>"; };
		ADCA90CC1B4AED770062E589 /* LazerQuizzTests.xctest */ = {isa = PBXFileReference; explicitFileType = wrapper.cfbundle; includeInIndex = 0; path = LazerQuizzTests.xctest; sourceTree = BUILT_PRODUCTS_DIR; };
		ADCA90D11B4AED770062E589 /* Info.plist */ = {isa = PBXFileReference; lastKnownFileType = text.plist.xml; path = Info.plist; sourceTree = "<group>"; };
		ADCA90D21B4AED770062E589 /* LazerQuizzTests.swift */ = {isa = PBXFileReference; lastKnownFileType = sourcecode.swift; path = LazerQuizzTests.swift; sourceTree = "<group>"; };
/* End PBXFileReference section */

/* Begin PBXFrameworksBuildPhase section */
		ADCA90B11B4AED770062E589 /* Frameworks */ = {
			isa = PBXFrameworksBuildPhase;
			buildActionMask = 2147483647;
			files = (
			);
			runOnlyForDeploymentPostprocessing = 0;
		};
		ADCA90C91B4AED770062E589 /* Frameworks */ = {
			isa = PBXFrameworksBuildPhase;
			buildActionMask = 2147483647;
			files = (
			);
			runOnlyForDeploymentPostprocessing = 0;
		};
/* End PBXFrameworksBuildPhase section */

/* Begin PBXGroup section */
		ADCA90AB1B4AED770062E589 = {
			isa = PBXGroup;
			children = (
				ADCA90B61B4AED770062E589 /* LazerQuizz */,
				ADCA90CF1B4AED770062E589 /* LazerQuizzTests */,
				ADCA90B51B4AED770062E589 /* Products */,
			);
			sourceTree = "<group>";
		};
		ADCA90B51B4AED770062E589 /* Products */ = {
			isa = PBXGroup;
			children = (
				ADCA90B41B4AED770062E589 /* LazerQuizz.app */,
				ADCA90CC1B4AED770062E589 /* LazerQuizzTests.xctest */,
			);
			name = Products;
			sourceTree = "<group>";
		};
		ADCA90B61B4AED770062E589 /* LazerQuizz */ = {
			isa = PBXGroup;
			children = (
				ADCA90B91B4AED770062E589 /* AppDelegate.swift */,
				ADCA90BE1B4AED770062E589 /* ViewController.swift */,
				ADCA90C01B4AED770062E589 /* Main.storyboard */,
				ADCA90C31B4AED770062E589 /* Images.xcassets */,
				ADCA90C51B4AED770062E589 /* LaunchScreen.xib */,
				ADCA90BB1B4AED770062E589 /* LazerQuizz.xcdatamodeld */,
				ADCA90B71B4AED770062E589 /* Supporting Files */,
			);
			path = LazerQuizz;
			sourceTree = "<group>";
		};
		ADCA90B71B4AED770062E589 /* Supporting Files */ = {
			isa = PBXGroup;
			children = (
				ADCA90B81B4AED770062E589 /* Info.plist */,
			);
			name = "Supporting Files";
			sourceTree = "<group>";
		};
		ADCA90CF1B4AED770062E589 /* LazerQuizzTests */ = {
			isa = PBXGroup;
			children = (
				ADCA90D21B4AED770062E589 /* LazerQuizzTests.swift */,
				ADCA90D01B4AED770062E589 /* Supporting Files */,
			);
			path = LazerQuizzTests;
			sourceTree = "<group>";
		};
		ADCA90D01B4AED770062E589 /* Supporting Files */ = {
			isa = PBXGroup;
			children = (
				ADCA90D11B4AED770062E589 /* Info.plist */,
			);
			name = "Supporting Files";
			sourceTree = "<group>";
		};
/* End PBXGroup section */

/* Begin PBXNativeTarget section */
		ADCA90B31B4AED770062E589 /* LazerQuizz */ = {
			isa = PBXNativeTarget;
			buildConfigurationList = ADCA90D61B4AED770062E589 /* Build configuration list for PBXNativeTarget "LazerQuizz" */;
			buildPhases = (
				ADCA90B01B4AED770062E589 /* Sources */,
				ADCA90B11B4AED770062E589 /* Frameworks */,
				ADCA90B21B4AED770062E589 /* Resources */,
			);
			buildRules = (
			);
			dependencies = (
			);
			name = LazerQuizz;
			productName = LazerQuizz;
			productReference = ADCA90B41B4AED770062E589 /* LazerQuizz.app */;
			productType = "com.apple.product-type.application";
		};
		ADCA90CB1B4AED770062E589 /* LazerQuizzTests */ = {
			isa = PBXNativeTarget;
			buildConfigurationList = ADCA90D91B4AED770062E589 /* Build configuration list for PBXNativeTarget "LazerQuizzTests" */;
			buildPhases = (
				ADCA90C81B4AED770062E589 /* Sources */,
				ADCA90C91B4AED770062E589 /* Frameworks */,
				ADCA90CA1B4AED770062E589 /* Resources */,
			);
			buildRules = (
			);
			dependencies = (
				ADCA90CE1B4AED770062E589 /* PBXTargetDependency */,
			);
			name = LazerQuizzTests;
			productName = LazerQuizzTests;
			productReference = ADCA90CC1B4AED770062E589 /* LazerQuizzTests.xctest */;
			productType = "com.apple.product-type.bundle.unit-test";
		};
/* End PBXNativeTarget section */

/* Begin PBXProject section */
		ADCA90AC1B4AED770062E589 /* Project object */ = {
			isa = PBXProject;
			attributes = {
				LastUpgradeCheck = 0640;
				ORGANIZATIONNAME = LetsPlay;
				TargetAttributes = {
					ADCA90B31B4AED770062E589 = {
						CreatedOnToolsVersion = 6.4;
					};
					ADCA90CB1B4AED770062E589 = {
						CreatedOnToolsVersion = 6.4;
						TestTargetID = ADCA90B31B4AED770062E589;
					};
				};
			};
			buildConfigurationList = ADCA90AF1B4AED770062E589 /* Build configuration list for PBXProject "LazerQuizz" */;
			compatibilityVersion = "Xcode 3.2";
			developmentRegion = English;
			hasScannedForEncodings = 0;
			knownRegions = (
				en,
				Base,
			);
			mainGroup = ADCA90AB1B4AED770062E589;
			productRefGroup = ADCA90B51B4AED770062E589 /* Products */;
			projectDirPath = "";
			projectRoot = "";
			targets = (
				ADCA90B31B4AED770062E589 /* LazerQuizz */,
				ADCA90CB1B4AED770062E589 /* LazerQuizzTests */,
			);
		};
/* End PBXProject section */

/* Begin PBXResourcesBuildPhase section */
		ADCA90B21B4AED770062E589 /* Resources */ = {
			isa = PBXResourcesBuildPhase;
			buildActionMask = 2147483647;
			files = (
				ADCA90C21B4AED770062E589 /* Main.storyboard in Resources */,
				ADCA90C71B4AED770062E589 /* LaunchScreen.xib in Resources */,
				ADCA90C41B4AED770062E589 /* Images.xcassets in Resources */,
			);
			runOnlyForDeploymentPostprocessing = 0;
		};
		ADCA90CA1B4AED770062E589 /* Resources */ = {
			isa = PBXResourcesBuildPhase;
			buildActionMask = 2147483647;
			files = (
			);
			runOnlyForDeploymentPostprocessing = 0;
		};
/* End PBXResourcesBuildPhase section */

/* Begin PBXSourcesBuildPhase section */
		ADCA90B01B4AED770062E589 /* Sources */ = {
			isa = PBXSourcesBuildPhase;
			buildActionMask = 2147483647;
			files = (
				ADCA90BF1B4AED770062E589 /* ViewController.swift in Sources */,
				ADCA90BD1B4AED770062E589 /* LazerQuizz.xcdatamodeld in Sources */,
				ADCA90BA1B4AED770062E589 /* AppDelegate.swift in Sources */,
			);
			runOnlyForDeploymentPostprocessing = 0;
		};
		ADCA90C81B4AED770062E589 /* Sources */ = {
			isa = PBXSourcesBuildPhase;
			buildActionMask = 2147483647;
			files = (
				ADCA90D31B4AED770062E589 /* LazerQuizzTests.swift in Sources */,
			);
			runOnlyForDeploymentPostprocessing = 0;
		};
/* End PBXSourcesBuildPhase section */

/* Begin PBXTargetDependency section */
		ADCA90CE1B4AED770062E589 /* PBXTargetDependency */ = {
			isa = PBXTargetDependency;
			target = ADCA90B31B4AED770062E589 /* LazerQuizz */;
			targetProxy = ADCA90CD1B4AED770062E589 /* PBXContainerItemProxy */;
		};
/* End PBXTargetDependency section */

/* Begin PBXVariantGroup section */
		ADCA90C01B4AED770062E589 /* Main.storyboard */ = {
			isa = PBXVariantGroup;
			children = (
				ADCA90C11B4AED770062E589 /* Base */,
			);
			name = Main.storyboard;
			sourceTree = "<group>";
		};
		ADCA90C51B4AED770062E589 /* LaunchScreen.xib */ = {
			isa = PBXVariantGroup;
			children = (
				ADCA90C61B4AED770062E589 /* Base */,
			);
			name = LaunchScreen.xib;
			sourceTree = "<group>";
		};
/* End PBXVariantGroup section */

/* Begin XCBuildConfiguration section */
		ADCA90D41B4AED770062E589 /* Debug */ = {
			isa = XCBuildConfiguration;
			buildSettings = {
				ALWAYS_SEARCH_USER_PATHS = NO;
				CLANG_CXX_LANGUAGE_STANDARD = "gnu++0x";
				CLANG_CXX_LIBRARY = "libc++";
				CLANG_ENABLE_MODULES = YES;
				CLANG_ENABLE_OBJC_ARC = YES;
				CLANG_WARN_BOOL_CONVERSION = YES;
				CLANG_WARN_CONSTANT_CONVERSION = YES;
				CLANG_WARN_DIRECT_OBJC_ISA_USAGE = YES_ERROR;
				CLANG_WARN_EMPTY_BODY = YES;
				CLANG_WARN_ENUM_CONVERSION = YES;
				CLANG_WARN_INT_CONVERSION = YES;
				CLANG_WARN_OBJC_ROOT_CLASS = YES_ERROR;
				CLANG_WARN_UNREACHABLE_CODE = YES;
				CLANG_WARN__DUPLICATE_METHOD_MATCH = YES;
				"CODE_SIGN_IDENTITY[sdk=iphoneos*]" = "iPhone Developer";
				COPY_PHASE_STRIP = NO;
				DEBUG_INFORMATION_FORMAT = "dwarf-with-dsym";
				ENABLE_STRICT_OBJC_MSGSEND = YES;
				GCC_C_LANGUAGE_STANDARD = gnu99;
				GCC_DYNAMIC_NO_PIC = NO;
				GCC_NO_COMMON_BLOCKS = YES;
				GCC_OPTIMIZATION_LEVEL = 0;
				GCC_PREPROCESSOR_DEFINITIONS = (
					"DEBUG=1",
					"$(inherited)",
				);
				GCC_SYMBOLS_PRIVATE_EXTERN = NO;
				GCC_WARN_64_TO_32_BIT_CONVERSION = YES;
				GCC_WARN_ABOUT_RETURN_TYPE = YES_ERROR;
				GCC_WARN_UNDECLARED_SELECTOR = YES;
				GCC_WARN_UNINITIALIZED_AUTOS = YES_AGGRESSIVE;
				GCC_WARN_UNUSED_FUNCTION = YES;
				GCC_WARN_UNUSED_VARIABLE = YES;
				IPHONEOS_DEPLOYMENT_TARGET = 8.4;
				MTL_ENABLE_DEBUG_INFO = YES;
				ONLY_ACTIVE_ARCH = YES;
				SDKROOT = iphoneos;
				SWIFT_OPTIMIZATION_LEVEL = "-Onone";
			};
			name = Debug;
		};
		ADCA90D51B4AED770062E589 /* Release */ = {
			isa = XCBuildConfiguration;
			buildSettings = {
				ALWAYS_SEARCH_USER_PATHS = NO;
				CLANG_CXX_LANGUAGE_STANDARD = "gnu++0x";
				CLANG_CXX_LIBRARY = "libc++";
				CLANG_ENABLE_MODULES = YES;
				CLANG_ENABLE_OBJC_ARC = YES;
				CLANG_WARN_BOOL_CONVERSION = YES;
				CLANG_WARN_CONSTANT_CONVERSION = YES;
				CLANG_WARN_DIRECT_OBJC_ISA_USAGE = YES_ERROR;
				CLANG_WARN_EMPTY_BODY = YES;
				CLANG_WARN_ENUM_CONVERSION = YES;
				CLANG_WARN_INT_CONVERSION = YES;
				CLANG_WARN_OBJC_ROOT_CLASS = YES_ERROR;
				CLANG_WARN_UNREACHABLE_CODE = YES;
				CLANG_WARN__DUPLICATE_METHOD_MATCH = YES;
				"CODE_SIGN_IDENTITY[sdk=iphoneos*]" = "iPhone Developer";
				COPY_PHASE_STRIP = NO;
				DEBUG_INFORMATION_FORMAT = "dwarf-with-dsym";
				ENABLE_NS_ASSERTIONS = NO;
				ENABLE_STRICT_OBJC_MSGSEND = YES;
				GCC_C_LANGUAGE_STANDARD = gnu99;
				GCC_NO_COMMON_BLOCKS = YES;
				GCC_WARN_64_TO_32_BIT_CONVERSION = YES;
				GCC_WARN_ABOUT_RETURN_TYPE = YES_ERROR;
				GCC_WARN_UNDECLARED_SELECTOR = YES;
				GCC_WARN_UNINITIALIZED_AUTOS = YES_AGGRESSIVE;
				GCC_WARN_UNUSED_FUNCTION = YES;
				GCC_WARN_UNUSED_VARIABLE = YES;
				IPHONEOS_DEPLOYMENT_TARGET = 8.4;
				MTL_ENABLE_DEBUG_INFO = NO;
				SDKROOT = iphoneos;
				VALIDATE_PRODUCT = YES;
			};
			name = Release;
		};
		ADCA90D71B4AED770062E589 /* Debug */ = {
			isa = XCBuildConfiguration;
			buildSettings = {
				ASSETCATALOG_COMPILER_APPICON_NAME = AppIcon;
				INFOPLIST_FILE = LazerQuizz/Info.plist;
				LD_RUNPATH_SEARCH_PATHS = "$(inherited) @executable_path/Frameworks";
				PRODUCT_NAME = "$(TARGET_NAME)";
			};
			name = Debug;
		};
		ADCA90D81B4AED770062E589 /* Release */ = {
			isa = XCBuildConfiguration;
			buildSettings = {
				ASSETCATALOG_COMPILER_APPICON_NAME = AppIcon;
				INFOPLIST_FILE = LazerQuizz/Info.plist;
				LD_RUNPATH_SEARCH_PATHS = "$(inherited) @executable_path/Frameworks";
				PRODUCT_NAME = "$(TARGET_NAME)";
			};
			name = Release;
		};
		ADCA90DA1B4AED770062E589 /* Debug */ = {
			isa = XCBuildConfiguration;
			buildSettings = {
				BUNDLE_LOADER = "$(TEST_HOST)";
				FRAMEWORK_SEARCH_PATHS = (
					"$(SDKROOT)/Developer/Library/Frameworks",
					"$(inherited)",
				);
				GCC_PREPROCESSOR_DEFINITIONS = (
					"DEBUG=1",
					"$(inherited)",
				);
				INFOPLIST_FILE = LazerQuizzTests/Info.plist;
				LD_RUNPATH_SEARCH_PATHS = "$(inherited) @executable_path/Frameworks @loader_path/Frameworks";
				PRODUCT_NAME = "$(TARGET_NAME)";
				TEST_HOST = "$(BUILT_PRODUCTS_DIR)/LazerQuizz.app/LazerQuizz";
			};
			name = Debug;
		};
		ADCA90DB1B4AED770062E589 /* Release */ = {
			isa = XCBuildConfiguration;
			buildSettings = {
				BUNDLE_LOADER = "$(TEST_HOST)";
				FRAMEWORK_SEARCH_PATHS = (
					"$(SDKROOT)/Developer/Library/Frameworks",
					"$(inherited)",
				);
				INFOPLIST_FILE = LazerQuizzTests/Info.plist;
				LD_RUNPATH_SEARCH_PATHS = "$(inherited) @executable_path/Frameworks @loader_path/Frameworks";
				PRODUCT_NAME = "$(TARGET_NAME)";
				TEST_HOST = "$(BUILT_PRODUCTS_DIR)/LazerQuizz.app/LazerQuizz";
			};
			name = Release;
		};
/* End XCBuildConfiguration section */

/* Begin XCConfigurationList section */
		ADCA90AF1B4AED770062E589 /* Build configuration list for PBXProject "LazerQuizz" */ = {
			isa = XCConfigurationList;
			buildConfigurations = (
				ADCA90D41B4AED770062E589 /* Debug */,
				ADCA90D51B4AED770062E589 /* Release */,
			);
			defaultConfigurationIsVisible = 0;
			defaultConfigurationName = Release;
		};
		ADCA90D61B4AED770062E589 /* Build configuration list for PBXNativeTarget "LazerQuizz" */ = {
			isa = XCConfigurationList;
			buildConfigurations = (
				ADCA90D71B4AED770062E589 /* Debug */,
				ADCA90D81B4AED770062E589 /* Release */,
			);
			defaultConfigurationIsVisible = 0;
		};
		ADCA90D91B4AED770062E589 /* Build configuration list for PBXNativeTarget "LazerQuizzTests" */ = {
			isa = XCConfigurationList;
			buildConfigurations = (
				ADCA90DA1B4AED770062E589 /* Debug */,
				ADCA90DB1B4AED770062E589 /* Release */,
			);
			defaultConfigurationIsVisible = 0;
		};
/* End XCConfigurationList section */

/* Begin XCVersionGroup section */
		ADCA90BB1B4AED770062E589 /* LazerQuizz.xcdatamodeld */ = {
			isa = XCVersionGroup;
			children = (
				ADCA90BC1B4AED770062E589 /* LazerQuizz.xcdatamodel */,
			);
			currentVersion = ADCA90BC1B4AED770062E589 /* LazerQuizz.xcdatamodel */;
			path = LazerQuizz.xcdatamodeld;
			sourceTree = "<group>";
			versionGroupType = wrapper.xcdatamodel;
		};
/* End XCVersionGroup section */
	};
	rootObject = ADCA90AC1B4AED770062E589 /* Project object */;
}
