// !$*UTF8*$!
{
	archiveVersion = 1;
	classes = {
	};
	objectVersion = 46;
	objects = {

/* Begin PBXBuildFile section */
		9AD680C91B4D8BA800DD0C7E /* DatabaseManager.swift in Sources */ = {isa = PBXBuildFile; fileRef = 9AD680C81B4D8BA800DD0C7E /* DatabaseManager.swift */; };
		9AD680CE1B4D97C500DD0C7E /* Level.swift in Sources */ = {isa = PBXBuildFile; fileRef = 9AD680CD1B4D97C500DD0C7E /* Level.swift */; };
		9AD680D11B4D983B00DD0C7E /* LevelServices.swift in Sources */ = {isa = PBXBuildFile; fileRef = 9AD680D01B4D983B00DD0C7E /* LevelServices.swift */; };
		9AD680D51B4D994300DD0C7E /* LevelDAO.swift in Sources */ = {isa = PBXBuildFile; fileRef = 9AD680D41B4D994300DD0C7E /* LevelDAO.swift */; };
		9AF720931B4C7730002B3170 /* AccessJSON.swift in Sources */ = {isa = PBXBuildFile; fileRef = 9AF720921B4C7730002B3170 /* AccessJSON.swift */; };
		9AF720951B4C773A002B3170 /* SwiftyJSON.swift in Sources */ = {isa = PBXBuildFile; fileRef = 9AF720941B4C773A002B3170 /* SwiftyJSON.swift */; };
		A733CBC51B52DD9D0018838F /* laser.png in Resources */ = {isa = PBXBuildFile; fileRef = A733CBC41B52DD9D0018838F /* laser.png */; };
		A733CBC71B5405980018838F /* screenshot135.png in Resources */ = {isa = PBXBuildFile; fileRef = A733CBC61B5405980018838F /* screenshot135.png */; };
		A733CBC91B540C1C0018838F /* wooden-stage.jpg in Resources */ = {isa = PBXBuildFile; fileRef = A733CBC81B540C1C0018838F /* wooden-stage.jpg */; };
		A733CBCB1B540C570018838F /* wooden-stage2.jpg in Resources */ = {isa = PBXBuildFile; fileRef = A733CBCA1B540C570018838F /* wooden-stage2.jpg */; };
		A733CBE71B56CAB80018838F /* square.png in Resources */ = {isa = PBXBuildFile; fileRef = A733CBE61B56CAB80018838F /* square.png */; };
		A733CBE91B56CAC30018838F /* danger_road.jpg in Resources */ = {isa = PBXBuildFile; fileRef = A733CBE81B56CAC30018838F /* danger_road.jpg */; };
		A733CBEB1B56CB1B0018838F /* gameScreen.jpg in Resources */ = {isa = PBXBuildFile; fileRef = A733CBEA1B56CB1B0018838F /* gameScreen.jpg */; };
		A733CBEF1B56CFBA0018838F /* locked.png in Resources */ = {isa = PBXBuildFile; fileRef = A733CBEE1B56CFBA0018838F /* locked.png */; };
		A733CBF21B56D2010018838F /* star_empty.png in Resources */ = {isa = PBXBuildFile; fileRef = A733CBF01B56D2010018838F /* star_empty.png */; };
		A733CBF31B56D2010018838F /* star.png in Resources */ = {isa = PBXBuildFile; fileRef = A733CBF11B56D2010018838F /* star.png */; };
		A733CBF51B56D92B0018838F /* Marcas.png in Resources */ = {isa = PBXBuildFile; fileRef = A733CBF41B56D92B0018838F /* Marcas.png */; };
		A733CBF71B56DA2E0018838F /* carro.png in Resources */ = {isa = PBXBuildFile; fileRef = A733CBF61B56DA2E0018838F /* carro.png */; };
		A733CBF91B56DE1C0018838F /* dna.png in Resources */ = {isa = PBXBuildFile; fileRef = A733CBF81B56DE1C0018838F /* dna.png */; };
		A733CBFB1B56E48F0018838F /* squareLocked.png in Resources */ = {isa = PBXBuildFile; fileRef = A733CBFA1B56E48F0018838F /* squareLocked.png */; };
		A7412BA81B4B0D0700E7F946 /* lock.jpeg in Resources */ = {isa = PBXBuildFile; fileRef = A7412BA71B4B0D0700E7F946 /* lock.jpeg */; };
		A7412BAA1B4C27A500E7F946 /* DraggableLabel.swift in Sources */ = {isa = PBXBuildFile; fileRef = A7412BA91B4C27A500E7F946 /* DraggableLabel.swift */; };
		A7412BAC1B4C27FC00E7F946 /* ViewControllerGame.swift in Sources */ = {isa = PBXBuildFile; fileRef = A7412BAB1B4C27FC00E7F946 /* ViewControllerGame.swift */; };
		A74E62E51B5742A600488243 /* lock3.png in Resources */ = {isa = PBXBuildFile; fileRef = A74E62E41B5742A600488243 /* lock3.png */; };
		A74E62E71B57430300488243 /* lock2.png in Resources */ = {isa = PBXBuildFile; fileRef = A74E62E61B57430300488243 /* lock2.png */; };
		AD14A9791B54239800B67A8C /* Perguntas.json in Resources */ = {isa = PBXBuildFile; fileRef = AD14A97B1B54239800B67A8C /* Perguntas.json */; };
		ADCA90BA1B4AED770062E589 /* AppDelegate.swift in Sources */ = {isa = PBXBuildFile; fileRef = ADCA90B91B4AED770062E589 /* AppDelegate.swift */; };
		ADCA90BD1B4AED770062E589 /* LazerQuizz.xcdatamodeld in Sources */ = {isa = PBXBuildFile; fileRef = ADCA90BB1B4AED770062E589 /* LazerQuizz.xcdatamodeld */; };
		ADCA90BF1B4AED770062E589 /* ViewController.swift in Sources */ = {isa = PBXBuildFile; fileRef = ADCA90BE1B4AED770062E589 /* ViewController.swift */; };
		ADCA90C21B4AED770062E589 /* Main.storyboard in Resources */ = {isa = PBXBuildFile; fileRef = ADCA90C01B4AED770062E589 /* Main.storyboard */; };
		ADCA90C41B4AED770062E589 /* Images.xcassets in Resources */ = {isa = PBXBuildFile; fileRef = ADCA90C31B4AED770062E589 /* Images.xcassets */; };
		ADCA90C71B4AED770062E589 /* LaunchScreen.xib in Resources */ = {isa = PBXBuildFile; fileRef = ADCA90C51B4AED770062E589 /* LaunchScreen.xib */; };
		ADCA90D31B4AED770062E589 /* LazerQuizzTests.swift in Sources */ = {isa = PBXBuildFile; fileRef = ADCA90D21B4AED770062E589 /* LazerQuizzTests.swift */; };
		ADCA90DD1B4AF40E0062E589 /* UnlockedCVCell.swift in Sources */ = {isa = PBXBuildFile; fileRef = ADCA90DC1B4AF40E0062E589 /* UnlockedCVCell.swift */; };
		ADCA90E21B4B00A30062E589 /* LockedCVCell.swift in Sources */ = {isa = PBXBuildFile; fileRef = ADCA90E11B4B00A30062E589 /* LockedCVCell.swift */; };
/* End PBXBuildFile section */

/* Begin PBXContainerItemProxy section */
		ADCA90CD1B4AED770062E589 /* PBXContainerItemProxy */ = {
			isa = PBXContainerItemProxy;
			containerPortal = ADCA90AC1B4AED770062E589 /* Project object */;
			proxyType = 1;
			remoteGlobalIDString = ADCA90B31B4AED770062E589;
			remoteInfo = LazerQuizz;
		};
/* End PBXContainerItemProxy section */

/* Begin PBXFileReference section */
		9AD680C81B4D8BA800DD0C7E /* DatabaseManager.swift */ = {isa = PBXFileReference; fileEncoding = 4; lastKnownFileType = sourcecode.swift; path = DatabaseManager.swift; sourceTree = "<group>"; };
		9AD680CD1B4D97C500DD0C7E /* Level.swift */ = {isa = PBXFileReference; fileEncoding = 4; lastKnownFileType = sourcecode.swift; name = Level.swift; path = ../Level.swift; sourceTree = "<group>"; };
		9AD680D01B4D983B00DD0C7E /* LevelServices.swift */ = {isa = PBXFileReference; fileEncoding = 4; lastKnownFileType = sourcecode.swift; path = LevelServices.swift; sourceTree = "<group>"; };
		9AD680D41B4D994300DD0C7E /* LevelDAO.swift */ = {isa = PBXFileReference; fileEncoding = 4; lastKnownFileType = sourcecode.swift; path = LevelDAO.swift; sourceTree = "<group>"; };
		9AF720921B4C7730002B3170 /* AccessJSON.swift */ = {isa = PBXFileReference; fileEncoding = 4; lastKnownFileType = sourcecode.swift; path = AccessJSON.swift; sourceTree = "<group>"; };
		9AF720941B4C773A002B3170 /* SwiftyJSON.swift */ = {isa = PBXFileReference; fileEncoding = 4; lastKnownFileType = sourcecode.swift; path = SwiftyJSON.swift; sourceTree = "<group>"; };
		A733CBC41B52DD9D0018838F /* laser.png */ = {isa = PBXFileReference; lastKnownFileType = image.png; path = laser.png; sourceTree = "<group>"; };
		A733CBC61B5405980018838F /* screenshot135.png */ = {isa = PBXFileReference; lastKnownFileType = image.png; path = screenshot135.png; sourceTree = "<group>"; };
		A733CBC81B540C1C0018838F /* wooden-stage.jpg */ = {isa = PBXFileReference; lastKnownFileType = image.jpeg; path = "wooden-stage.jpg"; sourceTree = "<group>"; };
		A733CBCA1B540C570018838F /* wooden-stage2.jpg */ = {isa = PBXFileReference; lastKnownFileType = image.jpeg; path = "wooden-stage2.jpg"; sourceTree = "<group>"; };
		A733CBE61B56CAB80018838F /* square.png */ = {isa = PBXFileReference; lastKnownFileType = image.png; path = square.png; sourceTree = "<group>"; };
		A733CBE81B56CAC30018838F /* danger_road.jpg */ = {isa = PBXFileReference; lastKnownFileType = image.jpeg; path = danger_road.jpg; sourceTree = "<group>"; };
		A733CBEA1B56CB1B0018838F /* gameScreen.jpg */ = {isa = PBXFileReference; lastKnownFileType = image.jpeg; path = gameScreen.jpg; sourceTree = "<group>"; };
		A733CBEE1B56CFBA0018838F /* locked.png */ = {isa = PBXFileReference; lastKnownFileType = image.png; path = locked.png; sourceTree = "<group>"; };
		A733CBF01B56D2010018838F /* star_empty.png */ = {isa = PBXFileReference; lastKnownFileType = image.png; path = star_empty.png; sourceTree = "<group>"; };
		A733CBF11B56D2010018838F /* star.png */ = {isa = PBXFileReference; lastKnownFileType = image.png; path = star.png; sourceTree = "<group>"; };
		A733CBF41B56D92B0018838F /* Marcas.png */ = {isa = PBXFileReference; lastKnownFileType = image.png; path = Marcas.png; sourceTree = "<group>"; };
		A733CBF61B56DA2E0018838F /* carro.png */ = {isa = PBXFileReference; lastKnownFileType = image.png; path = carro.png; sourceTree = "<group>"; };
		A733CBF81B56DE1C0018838F /* dna.png */ = {isa = PBXFileReference; lastKnownFileType = image.png; path = dna.png; sourceTree = "<group>"; };
		A733CBFA1B56E48F0018838F /* squareLocked.png */ = {isa = PBXFileReference; lastKnownFileType = image.png; path = squareLocked.png; sourceTree = "<group>"; };
		A7412BA71B4B0D0700E7F946 /* lock.jpeg */ = {isa = PBXFileReference; lastKnownFileType = image.jpeg; path = lock.jpeg; sourceTree = "<group>"; };
		A7412BA91B4C27A500E7F946 /* DraggableLabel.swift */ = {isa = PBXFileReference; fileEncoding = 4; lastKnownFileType = sourcecode.swift; path = DraggableLabel.swift; sourceTree = "<group>"; };
		A7412BAB1B4C27FC00E7F946 /* ViewControllerGame.swift */ = {isa = PBXFileReference; fileEncoding = 4; lastKnownFileType = sourcecode.swift; path = ViewControllerGame.swift; sourceTree = "<group>"; };
		A74E62E41B5742A600488243 /* lock3.png */ = {isa = PBXFileReference; lastKnownFileType = image.png; path = lock3.png; sourceTree = "<group>"; };
		A74E62E61B57430300488243 /* lock2.png */ = {isa = PBXFileReference; lastKnownFileType = image.png; path = lock2.png; sourceTree = "<group>"; };
		AD14A97A1B54239800B67A8C /* Base */ = {isa = PBXFileReference; lastKnownFileType = text.json; name = Base; path = Base.lproj/Perguntas.json; sourceTree = "<group>"; };
		AD14A97C1B54239A00B67A8C /* en */ = {isa = PBXFileReference; lastKnownFileType = text.json; name = en; path = en.lproj/Perguntas.json; sourceTree = "<group>"; };
		AD14A97D1B5423B000B67A8C /* pt */ = {isa = PBXFileReference; lastKnownFileType = text.json; name = pt; path = pt.lproj/Perguntas.json; sourceTree = "<group>"; };
		ADCA90B41B4AED770062E589 /* LazerQuizz.app */ = {isa = PBXFileReference; explicitFileType = wrapper.application; includeInIndex = 0; path = LazerQuizz.app; sourceTree = BUILT_PRODUCTS_DIR; };
		ADCA90B81B4AED770062E589 /* Info.plist */ = {isa = PBXFileReference; lastKnownFileType = text.plist.xml; path = Info.plist; sourceTree = "<group>"; };
		ADCA90B91B4AED770062E589 /* AppDelegate.swift */ = {isa = PBXFileReference; lastKnownFileType = sourcecode.swift; path = AppDelegate.swift; sourceTree = "<group>"; };
		ADCA90BC1B4AED770062E589 /* LazerQuizz.xcdatamodel */ = {isa = PBXFileReference; lastKnownFileType = wrapper.xcdatamodel; path = LazerQuizz.xcdatamodel; sourceTree = "<group>"; };
		ADCA90BE1B4AED770062E589 /* ViewController.swift */ = {isa = PBXFileReference; lastKnownFileType = sourcecode.swift; path = ViewController.swift; sourceTree = "<group>"; };
		ADCA90C11B4AED770062E589 /* Base */ = {isa = PBXFileReference; lastKnownFileType = file.storyboard; name = Base; path = Base.lproj/Main.storyboard; sourceTree = "<group>"; };
		ADCA90C31B4AED770062E589 /* Images.xcassets */ = {isa = PBXFileReference; lastKnownFileType = folder.assetcatalog; path = Images.xcassets; sourceTree = "<group>"; };
		ADCA90C61B4AED770062E589 /* Base */ = {isa = PBXFileReference; lastKnownFileType = file.xib; name = Base; path = Base.lproj/LaunchScreen.xib; sourceTree = "<group>"; };
		ADCA90CC1B4AED770062E589 /* LazerQuizzTests.xctest */ = {isa = PBXFileReference; explicitFileType = wrapper.cfbundle; includeInIndex = 0; path = LazerQuizzTests.xctest; sourceTree = BUILT_PRODUCTS_DIR; };
		ADCA90D11B4AED770062E589 /* Info.plist */ = {isa = PBXFileReference; lastKnownFileType = text.plist.xml; path = Info.plist; sourceTree = "<group>"; };
		ADCA90D21B4AED770062E589 /* LazerQuizzTests.swift */ = {isa = PBXFileReference; lastKnownFileType = sourcecode.swift; path = LazerQuizzTests.swift; sourceTree = "<group>"; };
		ADCA90DC1B4AF40E0062E589 /* UnlockedCVCell.swift */ = {isa = PBXFileReference; fileEncoding = 4; lastKnownFileType = sourcecode.swift; path = UnlockedCVCell.swift; sourceTree = "<group>"; };
		ADCA90E11B4B00A30062E589 /* LockedCVCell.swift */ = {isa = PBXFileReference; fileEncoding = 4; lastKnownFileType = sourcecode.swift; path = LockedCVCell.swift; sourceTree = "<group>"; };
/* End PBXFileReference section */

/* Begin PBXFrameworksBuildPhase section */
		ADCA90B11B4AED770062E589 /* Frameworks */ = {
			isa = PBXFrameworksBuildPhase;
			buildActionMask = 2147483647;
			files = (
			);
			runOnlyForDeploymentPostprocessing = 0;
		};
		ADCA90C91B4AED770062E589 /* Frameworks */ = {
			isa = PBXFrameworksBuildPhase;
			buildActionMask = 2147483647;
			files = (
			);
			runOnlyForDeploymentPostprocessing = 0;
		};
/* End PBXFrameworksBuildPhase section */

/* Begin PBXGroup section */
		9AD680CC1B4D977000DD0C7E /* VO */ = {
			isa = PBXGroup;
			children = (
				9AD680CD1B4D97C500DD0C7E /* Level.swift */,
			);
			name = VO;
			sourceTree = "<group>";
		};
		9AD680CF1B4D980000DD0C7E /* Services */ = {
			isa = PBXGroup;
			children = (
				9AD680D01B4D983B00DD0C7E /* LevelServices.swift */,
			);
			name = Services;
			sourceTree = "<group>";
		};
		9AD680D21B4D98D600DD0C7E /* Persistence */ = {
			isa = PBXGroup;
			children = (
				9AD680C81B4D8BA800DD0C7E /* DatabaseManager.swift */,
				9AD680D31B4D98F000DD0C7E /* DAO */,
				9AD680CC1B4D977000DD0C7E /* VO */,
				9AD680CF1B4D980000DD0C7E /* Services */,
			);
			name = Persistence;
			sourceTree = "<group>";
		};
		9AD680D31B4D98F000DD0C7E /* DAO */ = {
			isa = PBXGroup;
			children = (
				9AD680D41B4D994300DD0C7E /* LevelDAO.swift */,
			);
			name = DAO;
			sourceTree = "<group>";
		};
		ADCA90AB1B4AED770062E589 = {
			isa = PBXGroup;
			children = (
				ADCA90B61B4AED770062E589 /* LazerQuizz */,
				ADCA90CF1B4AED770062E589 /* LazerQuizzTests */,
				ADCA90B51B4AED770062E589 /* Products */,
			);
			sourceTree = "<group>";
		};
		ADCA90B51B4AED770062E589 /* Products */ = {
			isa = PBXGroup;
			children = (
				ADCA90B41B4AED770062E589 /* LazerQuizz.app */,
				ADCA90CC1B4AED770062E589 /* LazerQuizzTests.xctest */,
			);
			name = Products;
			sourceTree = "<group>";
		};
		ADCA90B61B4AED770062E589 /* LazerQuizz */ = {
			isa = PBXGroup;
			children = (
				ADCA90B91B4AED770062E589 /* AppDelegate.swift */,
				ADCA90E01B4B00380062E589 /* View */,
				ADCA90DF1B4B002C0062E589 /* Controller */,
				ADCA90DE1B4B00160062E589 /* Model */,
				A7412BA71B4B0D0700E7F946 /* lock.jpeg */,
				A733CBE61B56CAB80018838F /* square.png */,
				A733CBEE1B56CFBA0018838F /* locked.png */,
				A733CBCA1B540C570018838F /* wooden-stage2.jpg */,
				A733CBFA1B56E48F0018838F /* squareLocked.png */,
				A733CBE81B56CAC30018838F /* danger_road.jpg */,
				A733CBF81B56DE1C0018838F /* dna.png */,
				A733CBF61B56DA2E0018838F /* carro.png */,
				A733CBEA1B56CB1B0018838F /* gameScreen.jpg */,
				A733CBC81B540C1C0018838F /* wooden-stage.jpg */,
				A733CBF01B56D2010018838F /* star_empty.png */,
				A733CBF41B56D92B0018838F /* Marcas.png */,
				A74E62E61B57430300488243 /* lock2.png */,
				A74E62E41B5742A600488243 /* lock3.png */,
				A733CBF11B56D2010018838F /* star.png */,
				A733CBC41B52DD9D0018838F /* laser.png */,
				A733CBC61B5405980018838F /* screenshot135.png */,
				ADCA90C31B4AED770062E589 /* Images.xcassets */,
				ADCA90BB1B4AED770062E589 /* LazerQuizz.xcdatamodeld */,
				ADCA90B71B4AED770062E589 /* Supporting Files */,
			);
			path = LazerQuizz;
			sourceTree = "<group>";
		};
		ADCA90B71B4AED770062E589 /* Supporting Files */ = {
			isa = PBXGroup;
			children = (
				ADCA90B81B4AED770062E589 /* Info.plist */,
			);
			name = "Supporting Files";
			sourceTree = "<group>";
		};
		ADCA90CF1B4AED770062E589 /* LazerQuizzTests */ = {
			isa = PBXGroup;
			children = (
				ADCA90D21B4AED770062E589 /* LazerQuizzTests.swift */,
				ADCA90D01B4AED770062E589 /* Supporting Files */,
			);
			path = LazerQuizzTests;
			sourceTree = "<group>";
		};
		ADCA90D01B4AED770062E589 /* Supporting Files */ = {
			isa = PBXGroup;
			children = (
				ADCA90D11B4AED770062E589 /* Info.plist */,
			);
			name = "Supporting Files";
			sourceTree = "<group>";
		};
		ADCA90DE1B4B00160062E589 /* Model */ = {
			isa = PBXGroup;
			children = (
				9AD680D21B4D98D600DD0C7E /* Persistence */,
				AD14A97B1B54239800B67A8C /* Perguntas.json */,
				ADCA90DC1B4AF40E0062E589 /* UnlockedCVCell.swift */,
				ADCA90E11B4B00A30062E589 /* LockedCVCell.swift */,
				9AF720921B4C7730002B3170 /* AccessJSON.swift */,
				9AF720941B4C773A002B3170 /* SwiftyJSON.swift */,
			);
			name = Model;
			sourceTree = "<group>";
		};
		ADCA90DF1B4B002C0062E589 /* Controller */ = {
			isa = PBXGroup;
			children = (
				A7412BA91B4C27A500E7F946 /* DraggableLabel.swift */,
				A7412BAB1B4C27FC00E7F946 /* ViewControllerGame.swift */,
				ADCA90BE1B4AED770062E589 /* ViewController.swift */,
			);
			name = Controller;
			sourceTree = "<group>";
		};
		ADCA90E01B4B00380062E589 /* View */ = {
			isa = PBXGroup;
			children = (
				ADCA90C51B4AED770062E589 /* LaunchScreen.xib */,
				ADCA90C01B4AED770062E589 /* Main.storyboard */,
			);
			name = View;
			sourceTree = "<group>";
		};
/* End PBXGroup section */

/* Begin PBXNativeTarget section */
		ADCA90B31B4AED770062E589 /* LazerQuizz */ = {
			isa = PBXNativeTarget;
			buildConfigurationList = ADCA90D61B4AED770062E589 /* Build configuration list for PBXNativeTarget "LazerQuizz" */;
			buildPhases = (
				ADCA90B01B4AED770062E589 /* Sources */,
				ADCA90B11B4AED770062E589 /* Frameworks */,
				ADCA90B21B4AED770062E589 /* Resources */,
			);
			buildRules = (
			);
			dependencies = (
			);
			name = LazerQuizz;
			productName = LazerQuizz;
			productReference = ADCA90B41B4AED770062E589 /* LazerQuizz.app */;
			productType = "com.apple.product-type.application";
		};
		ADCA90CB1B4AED770062E589 /* LazerQuizzTests */ = {
			isa = PBXNativeTarget;
			buildConfigurationList = ADCA90D91B4AED770062E589 /* Build configuration list for PBXNativeTarget "LazerQuizzTests" */;
			buildPhases = (
				ADCA90C81B4AED770062E589 /* Sources */,
				ADCA90C91B4AED770062E589 /* Frameworks */,
				ADCA90CA1B4AED770062E589 /* Resources */,
			);
			buildRules = (
			);
			dependencies = (
				ADCA90CE1B4AED770062E589 /* PBXTargetDependency */,
			);
			name = LazerQuizzTests;
			productName = LazerQuizzTests;
			productReference = ADCA90CC1B4AED770062E589 /* LazerQuizzTests.xctest */;
			productType = "com.apple.product-type.bundle.unit-test";
		};
/* End PBXNativeTarget section */

/* Begin PBXProject section */
		ADCA90AC1B4AED770062E589 /* Project object */ = {
			isa = PBXProject;
			attributes = {
				LastUpgradeCheck = 0640;
				ORGANIZATIONNAME = LetsPlay;
				TargetAttributes = {
					ADCA90B31B4AED770062E589 = {
						CreatedOnToolsVersion = 6.4;
					};
					ADCA90CB1B4AED770062E589 = {
						CreatedOnToolsVersion = 6.4;
						TestTargetID = ADCA90B31B4AED770062E589;
					};
				};
			};
			buildConfigurationList = ADCA90AF1B4AED770062E589 /* Build configuration list for PBXProject "LazerQuizz" */;
			compatibilityVersion = "Xcode 3.2";
			developmentRegion = English;
			hasScannedForEncodings = 0;
			knownRegions = (
				en,
				Base,
				pt,
			);
			mainGroup = ADCA90AB1B4AED770062E589;
			productRefGroup = ADCA90B51B4AED770062E589 /* Products */;
			projectDirPath = "";
			projectRoot = "";
			targets = (
				ADCA90B31B4AED770062E589 /* LazerQuizz */,
				ADCA90CB1B4AED770062E589 /* LazerQuizzTests */,
			);
		};
/* End PBXProject section */

/* Begin PBXResourcesBuildPhase section */
		ADCA90B21B4AED770062E589 /* Resources */ = {
			isa = PBXResourcesBuildPhase;
			buildActionMask = 2147483647;
			files = (
				ADCA90C21B4AED770062E589 /* Main.storyboard in Resources */,
				A733CBF21B56D2010018838F /* star_empty.png in Resources */,
				ADCA90C71B4AED770062E589 /* LaunchScreen.xib in Resources */,
				A733CBE71B56CAB80018838F /* square.png in Resources */,
				A74E62E51B5742A600488243 /* lock3.png in Resources */,
				A733CBF51B56D92B0018838F /* Marcas.png in Resources */,
				A7412BA81B4B0D0700E7F946 /* lock.jpeg in Resources */,
				A74E62E71B57430300488243 /* lock2.png in Resources */,
				ADCA90C41B4AED770062E589 /* Images.xcassets in Resources */,
				A733CBEF1B56CFBA0018838F /* locked.png in Resources */,
				A733CBC91B540C1C0018838F /* wooden-stage.jpg in Resources */,
				AD14A9791B54239800B67A8C /* Perguntas.json in Resources */,
				A733CBE91B56CAC30018838F /* danger_road.jpg in Resources */,
				A733CBFB1B56E48F0018838F /* squareLocked.png in Resources */,
				A733CBCB1B540C570018838F /* wooden-stage2.jpg in Resources */,
				A733CBF71B56DA2E0018838F /* carro.png in Resources */,
				A733CBF31B56D2010018838F /* star.png in Resources */,
				A733CBC71B5405980018838F /* screenshot135.png in Resources */,
				A733CBF91B56DE1C0018838F /* dna.png in Resources */,
				A733CBC51B52DD9D0018838F /* laser.png in Resources */,
				A733CBEB1B56CB1B0018838F /* gameScreen.jpg in Resources */,
			);
			runOnlyForDeploymentPostprocessing = 0;
		};
		ADCA90CA1B4AED770062E589 /* Resources */ = {
			isa = PBXResourcesBuildPhase;
			buildActionMask = 2147483647;
			files = (
			);
			runOnlyForDeploymentPostprocessing = 0;
		};
/* End PBXResourcesBuildPhase section */

/* Begin PBXSourcesBuildPhase section */
		ADCA90B01B4AED770062E589 /* Sources */ = {
			isa = PBXSourcesBuildPhase;
			buildActionMask = 2147483647;
			files = (
				ADCA90BF1B4AED770062E589 /* ViewController.swift in Sources */,
				9AD680CE1B4D97C500DD0C7E /* Level.swift in Sources */,
				A7412BAC1B4C27FC00E7F946 /* ViewControllerGame.swift in Sources */,
				9AD680D51B4D994300DD0C7E /* LevelDAO.swift in Sources */,
				9AD680C91B4D8BA800DD0C7E /* DatabaseManager.swift in Sources */,
				ADCA90BD1B4AED770062E589 /* LazerQuizz.xcdatamodeld in Sources */,
				A7412BAA1B4C27A500E7F946 /* DraggableLabel.swift in Sources */,
				9AD680D11B4D983B00DD0C7E /* LevelServices.swift in Sources */,
				ADCA90E21B4B00A30062E589 /* LockedCVCell.swift in Sources */,
				ADCA90DD1B4AF40E0062E589 /* UnlockedCVCell.swift in Sources */,
				9AF720951B4C773A002B3170 /* SwiftyJSON.swift in Sources */,
				ADCA90BA1B4AED770062E589 /* AppDelegate.swift in Sources */,
				9AF720931B4C7730002B3170 /* AccessJSON.swift in Sources */,
			);
			runOnlyForDeploymentPostprocessing = 0;
		};
		ADCA90C81B4AED770062E589 /* Sources */ = {
			isa = PBXSourcesBuildPhase;
			buildActionMask = 2147483647;
			files = (
				ADCA90D31B4AED770062E589 /* LazerQuizzTests.swift in Sources */,
			);
			runOnlyForDeploymentPostprocessing = 0;
		};
/* End PBXSourcesBuildPhase section */

/* Begin PBXTargetDependency section */
		ADCA90CE1B4AED770062E589 /* PBXTargetDependency */ = {
			isa = PBXTargetDependency;
			target = ADCA90B31B4AED770062E589 /* LazerQuizz */;
			targetProxy = ADCA90CD1B4AED770062E589 /* PBXContainerItemProxy */;
		};
/* End PBXTargetDependency section */

/* Begin PBXVariantGroup section */
		AD14A97B1B54239800B67A8C /* Perguntas.json */ = {
			isa = PBXVariantGroup;
			children = (
				AD14A97A1B54239800B67A8C /* Base */,
				AD14A97C1B54239A00B67A8C /* en */,
				AD14A97D1B5423B000B67A8C /* pt */,
			);
			name = Perguntas.json;
			sourceTree = "<group>";
		};
		ADCA90C01B4AED770062E589 /* Main.storyboard */ = {
			isa = PBXVariantGroup;
			children = (
				ADCA90C11B4AED770062E589 /* Base */,
			);
			name = Main.storyboard;
			sourceTree = "<group>";
		};
		ADCA90C51B4AED770062E589 /* LaunchScreen.xib */ = {
			isa = PBXVariantGroup;
			children = (
				ADCA90C61B4AED770062E589 /* Base */,
			);
			name = LaunchScreen.xib;
			sourceTree = "<group>";
		};
/* End PBXVariantGroup section */

/* Begin XCBuildConfiguration section */
		ADCA90D41B4AED770062E589 /* Debug */ = {
			isa = XCBuildConfiguration;
			buildSettings = {
				ALWAYS_SEARCH_USER_PATHS = NO;
				CLANG_CXX_LANGUAGE_STANDARD = "gnu++0x";
				CLANG_CXX_LIBRARY = "libc++";
				CLANG_ENABLE_MODULES = YES;
				CLANG_ENABLE_OBJC_ARC = YES;
				CLANG_WARN_BOOL_CONVERSION = YES;
				CLANG_WARN_CONSTANT_CONVERSION = YES;
				CLANG_WARN_DIRECT_OBJC_ISA_USAGE = YES_ERROR;
				CLANG_WARN_EMPTY_BODY = YES;
				CLANG_WARN_ENUM_CONVERSION = YES;
				CLANG_WARN_INT_CONVERSION = YES;
				CLANG_WARN_OBJC_ROOT_CLASS = YES_ERROR;
				CLANG_WARN_UNREACHABLE_CODE = YES;
				CLANG_WARN__DUPLICATE_METHOD_MATCH = YES;
				"CODE_SIGN_IDENTITY[sdk=iphoneos*]" = "iPhone Developer";
				COPY_PHASE_STRIP = NO;
				DEBUG_INFORMATION_FORMAT = "dwarf-with-dsym";
				ENABLE_STRICT_OBJC_MSGSEND = YES;
				GCC_C_LANGUAGE_STANDARD = gnu99;
				GCC_DYNAMIC_NO_PIC = NO;
				GCC_NO_COMMON_BLOCKS = YES;
				GCC_OPTIMIZATION_LEVEL = 0;
				GCC_PREPROCESSOR_DEFINITIONS = (
					"DEBUG=1",
					"$(inherited)",
				);
				GCC_SYMBOLS_PRIVATE_EXTERN = NO;
				GCC_WARN_64_TO_32_BIT_CONVERSION = YES;
				GCC_WARN_ABOUT_RETURN_TYPE = YES_ERROR;
				GCC_WARN_UNDECLARED_SELECTOR = YES;
				GCC_WARN_UNINITIALIZED_AUTOS = YES_AGGRESSIVE;
				GCC_WARN_UNUSED_FUNCTION = YES;
				GCC_WARN_UNUSED_VARIABLE = YES;
				IPHONEOS_DEPLOYMENT_TARGET = 8.4;
				MTL_ENABLE_DEBUG_INFO = YES;
				ONLY_ACTIVE_ARCH = YES;
				SDKROOT = iphoneos;
				SWIFT_OPTIMIZATION_LEVEL = "-Onone";
			};
			name = Debug;
		};
		ADCA90D51B4AED770062E589 /* Release */ = {
			isa = XCBuildConfiguration;
			buildSettings = {
				ALWAYS_SEARCH_USER_PATHS = NO;
				CLANG_CXX_LANGUAGE_STANDARD = "gnu++0x";
				CLANG_CXX_LIBRARY = "libc++";
				CLANG_ENABLE_MODULES = YES;
				CLANG_ENABLE_OBJC_ARC = YES;
				CLANG_WARN_BOOL_CONVERSION = YES;
				CLANG_WARN_CONSTANT_CONVERSION = YES;
				CLANG_WARN_DIRECT_OBJC_ISA_USAGE = YES_ERROR;
				CLANG_WARN_EMPTY_BODY = YES;
				CLANG_WARN_ENUM_CONVERSION = YES;
				CLANG_WARN_INT_CONVERSION = YES;
				CLANG_WARN_OBJC_ROOT_CLASS = YES_ERROR;
				CLANG_WARN_UNREACHABLE_CODE = YES;
				CLANG_WARN__DUPLICATE_METHOD_MATCH = YES;
				"CODE_SIGN_IDENTITY[sdk=iphoneos*]" = "iPhone Developer";
				COPY_PHASE_STRIP = NO;
				DEBUG_INFORMATION_FORMAT = "dwarf-with-dsym";
				ENABLE_NS_ASSERTIONS = NO;
				ENABLE_STRICT_OBJC_MSGSEND = YES;
				GCC_C_LANGUAGE_STANDARD = gnu99;
				GCC_NO_COMMON_BLOCKS = YES;
				GCC_WARN_64_TO_32_BIT_CONVERSION = YES;
				GCC_WARN_ABOUT_RETURN_TYPE = YES_ERROR;
				GCC_WARN_UNDECLARED_SELECTOR = YES;
				GCC_WARN_UNINITIALIZED_AUTOS = YES_AGGRESSIVE;
				GCC_WARN_UNUSED_FUNCTION = YES;
				GCC_WARN_UNUSED_VARIABLE = YES;
				IPHONEOS_DEPLOYMENT_TARGET = 8.4;
				MTL_ENABLE_DEBUG_INFO = NO;
				SDKROOT = iphoneos;
				VALIDATE_PRODUCT = YES;
			};
			name = Release;
		};
		ADCA90D71B4AED770062E589 /* Debug */ = {
			isa = XCBuildConfiguration;
			buildSettings = {
				ASSETCATALOG_COMPILER_APPICON_NAME = AppIcon;
				INFOPLIST_FILE = LazerQuizz/Info.plist;
				LD_RUNPATH_SEARCH_PATHS = "$(inherited) @executable_path/Frameworks";
				PRODUCT_NAME = "$(TARGET_NAME)";
			};
			name = Debug;
		};
		ADCA90D81B4AED770062E589 /* Release */ = {
			isa = XCBuildConfiguration;
			buildSettings = {
				ASSETCATALOG_COMPILER_APPICON_NAME = AppIcon;
				INFOPLIST_FILE = LazerQuizz/Info.plist;
				LD_RUNPATH_SEARCH_PATHS = "$(inherited) @executable_path/Frameworks";
				PRODUCT_NAME = "$(TARGET_NAME)";
			};
			name = Release;
		};
		ADCA90DA1B4AED770062E589 /* Debug */ = {
			isa = XCBuildConfiguration;
			buildSettings = {
				BUNDLE_LOADER = "$(TEST_HOST)";
				FRAMEWORK_SEARCH_PATHS = (
					"$(SDKROOT)/Developer/Library/Frameworks",
					"$(inherited)",
				);
				GCC_PREPROCESSOR_DEFINITIONS = (
					"DEBUG=1",
					"$(inherited)",
				);
				INFOPLIST_FILE = LazerQuizzTests/Info.plist;
				LD_RUNPATH_SEARCH_PATHS = "$(inherited) @executable_path/Frameworks @loader_path/Frameworks";
				PRODUCT_NAME = "$(TARGET_NAME)";
				TEST_HOST = "$(BUILT_PRODUCTS_DIR)/LazerQuizz.app/LazerQuizz";
			};
			name = Debug;
		};
		ADCA90DB1B4AED770062E589 /* Release */ = {
			isa = XCBuildConfiguration;
			buildSettings = {
				BUNDLE_LOADER = "$(TEST_HOST)";
				FRAMEWORK_SEARCH_PATHS = (
					"$(SDKROOT)/Developer/Library/Frameworks",
					"$(inherited)",
				);
				INFOPLIST_FILE = LazerQuizzTests/Info.plist;
				LD_RUNPATH_SEARCH_PATHS = "$(inherited) @executable_path/Frameworks @loader_path/Frameworks";
				PRODUCT_NAME = "$(TARGET_NAME)";
				TEST_HOST = "$(BUILT_PRODUCTS_DIR)/LazerQuizz.app/LazerQuizz";
			};
			name = Release;
		};
/* End XCBuildConfiguration section */

/* Begin XCConfigurationList section */
		ADCA90AF1B4AED770062E589 /* Build configuration list for PBXProject "LazerQuizz" */ = {
			isa = XCConfigurationList;
			buildConfigurations = (
				ADCA90D41B4AED770062E589 /* Debug */,
				ADCA90D51B4AED770062E589 /* Release */,
			);
			defaultConfigurationIsVisible = 0;
			defaultConfigurationName = Release;
		};
		ADCA90D61B4AED770062E589 /* Build configuration list for PBXNativeTarget "LazerQuizz" */ = {
			isa = XCConfigurationList;
			buildConfigurations = (
				ADCA90D71B4AED770062E589 /* Debug */,
				ADCA90D81B4AED770062E589 /* Release */,
			);
			defaultConfigurationIsVisible = 0;
			defaultConfigurationName = Release;
		};
		ADCA90D91B4AED770062E589 /* Build configuration list for PBXNativeTarget "LazerQuizzTests" */ = {
			isa = XCConfigurationList;
			buildConfigurations = (
				ADCA90DA1B4AED770062E589 /* Debug */,
				ADCA90DB1B4AED770062E589 /* Release */,
			);
			defaultConfigurationIsVisible = 0;
			defaultConfigurationName = Release;
		};
/* End XCConfigurationList section */

/* Begin XCVersionGroup section */
		ADCA90BB1B4AED770062E589 /* LazerQuizz.xcdatamodeld */ = {
			isa = XCVersionGroup;
			children = (
				ADCA90BC1B4AED770062E589 /* LazerQuizz.xcdatamodel */,
			);
			currentVersion = ADCA90BC1B4AED770062E589 /* LazerQuizz.xcdatamodel */;
			path = LazerQuizz.xcdatamodeld;
			sourceTree = "<group>";
			versionGroupType = wrapper.xcdatamodel;
		};
/* End XCVersionGroup section */
	};
	rootObject = ADCA90AC1B4AED770062E589 /* Project object */;
}
